{
  "name": "htdocs",
  "version": "1.0.0",
  "lockfileVersion": 1,
  "requires": true,
  "dependencies": {
    "elegant-crud-datatable": {
      "version": "0.0.4",
      "resolved": "https://registry.npmjs.org/elegant-crud-datatable/-/elegant-crud-datatable-0.0.4.tgz",
      "integrity": "sha512-/KJ7Y9MOVc/Vqy1eL7t+EjRKVKL+oYo7D5m8mKI9XGelyAgu7yr5lmQXUS6a2UNKj8S0YV2uFeZM79Y1WBKpdg=="
    }
  }
}
