{
  "name": "htdocs",
  "version": "1.0.0",
  "lockfileVersion": 1,
  "requires": true,
  "dependencies": {
    "elegant-crud-datatable": {
      "version": "0.0.9",
      "resolved": "https://registry.npmjs.org/elegant-crud-datatable/-/elegant-crud-datatable-0.0.9.tgz",
      "integrity": "sha512-wrBLI7neW39npSKYBDxsxhDyqubZmrsN3NGrefIrkYLb9MtN0TZkqpXsBbKg9w5Q0vXWYAVTiVtzn5wuPuDZow=="
    }
  }
}
